lockfileVersion: '6.0'

dependencies:
  nan:
    specifier: ^2.16.0
    version: 2.16.0

devDependencies:
  prettier:
    specifier: ^2.7.1
    version: 2.7.1
  tree-sitter-cli:
    specifier: ^0.20.6
    version: 0.20.6

packages:

  /nan@2.16.0:
    resolution: {integrity: sha512-UdAqHyFngu7TfQKsCBgAA6pWDkT8MAO7d0jyOecVhN5354xbLqdn8mV9Tat9gepAupm0bt2DbeaSC8vS52MuFA==}
    dev: false

  /prettier@2.7.1:
    resolution: {integrity: sha512-ujppO+MkdPqoVINuDFDRLClm7D78qbDt0/NR+wp5FqEZOoTNAjPHWj17QRhu7geIHJfcNhRk1XVQmF8Bp3ye+g==}
    engines: {node: '>=10.13.0'}
    hasBin: true
    dev: true

  /tree-sitter-cli@0.20.6:
    resolution: {integrity: sha512-tjbAeuGSMhco/EnsThjWkQbDIYMDmdkWsTPsa/NJAW7bjaki9P7oM9TkLxfdlnm4LXd1wR5wVSM2/RTLtZbm6A==}
    hasBin: true
    requiresBuild: true
    dev: true
